
Microsoft Visual Studio Solution File, Format Version 12.00
# Visual Studio Version 17
VisualStudioVersion = 17.7.34024.191
MinimumVisualStudioVersion = 10.0.40219.1
Project("{FAE04EC0-301F-11D3-BF4B-00C04F79EFBC}") = "Ex2", "Ex2.csproj", "{B2B70367-B4F6-4D2E-9F13-A3D842DA891F}"
EndProject
Global
	GlobalSection(SolutionConfigurationPlatforms) = preSolution
		Debug|Any CPU = Debug|Any CPU
		Release|Any CPU = Release|Any CPU
	EndGlobalSection
	GlobalSection(ProjectConfigurationPlatforms) = postSolution
		{B2B70367-B4F6-4D2E-9F13-A3D842DA891F}.Debug|Any CPU.ActiveCfg = Debug|Any CPU
		{B2B70367-B4F6-4D2E-9F13-A3D842DA891F}.Debug|Any CPU.Build.0 = Debug|Any CPU
		{B2B70367-B4F6-4D2E-9F13-A3D842DA891F}.Release|Any CPU.ActiveCfg = Release|Any CPU
		{B2B70367-B4F6-4D2E-9F13-A3D842DA891F}.Release|Any CPU.Build.0 = Release|Any CPU
	EndGlobalSection
	GlobalSection(SolutionProperties) = preSolution
		HideSolutionNode = FALSE
	EndGlobalSection
	GlobalSection(ExtensibilityGlobals) = postSolution
		SolutionGuid = {82A3E8BC-1575-4DAF-8C3C-F0D39D8506AA}
	EndGlobalSection
EndGlobal
